<?xml version="1.0" encoding="utf-8"?>
<Project ToolsVersion="4.0" xmlns="http://schemas.microsoft.com/developer/msbuild/2003">
  <ItemGroup>
    <Filter Include="Source Files">
      <UniqueIdentifier>{4FC737F1-C7A5-4376-A066-2A32D752A2FF}</UniqueIdentifier>
      <Extensions>cpp;c;cc;cxx;def;odl;idl;hpj;bat;asm;asmx</Extensions>
    </Filter>
    <Filter Include="Header Files">
      <UniqueIdentifier>{93995380-89BD-4b04-88EB-625FBE52EBFB}</UniqueIdentifier>
      <Extensions>h;hh;hpp;hxx;hm;inl;inc;xsd</Extensions>
    </Filter>
    <Filter Include="Resource Files">
      <UniqueIdentifier>{67DA6AB6-F800-4c08-8B7A-83BB121AAD01}</UniqueIdentifier>
      <Extensions>rc;ico;cur;bmp;dlg;rc2;rct;bin;rgs;gif;jpg;jpeg;jpe;resx;tiff;tif;png;wav;mfcribbon-ms</Extensions>
    </Filter>
    <Filter Include="Test">
      <UniqueIdentifier>{b95239bf-f1eb-48c8-a4bd-7f98f3fdd084}</UniqueIdentifier>
    </Filter>
    <Filter Include="Header Files\Clustering">
      <UniqueIdentifier>{6656c9f8-dd5e-4eb5-bf30-1803d3d67a3d}</UniqueIdentifier>
    </Filter>
    <Filter Include="Header Files\Association Pattern">
      <UniqueIdentifier>{8264c05d-159b-4d3a-bba1-4d7de17d1fa1}</UniqueIdentifier>
    </Filter>
    <Filter Include="Documentation">
      <UniqueIdentifier>{7d6fd0d0-bd4f-48af-a354-6d8e77c29265}</UniqueIdentifier>
    </Filter>
    <Filter Include="bat">
      <UniqueIdentifier>{c5dde417-e32b-492d-865e-bf857e90b2d9}</UniqueIdentifier>
    </Filter>
    <Filter Include="Source Files\clustering">
      <UniqueIdentifier>{ae3983bb-f269-4a6d-8d21-7bc03b514526}</UniqueIdentifier>
    </Filter>
    <Filter Include="Header Files\common">
      <UniqueIdentifier>{7aa0bd6c-68c9-4d30-9383-2fedad75f4e1}</UniqueIdentifier>
    </Filter>
    <Filter Include="Header Files\Dependency">
      <UniqueIdentifier>{e90451bc-d836-47db-8e98-121abc609fdb}</UniqueIdentifier>
    </Filter>
  </ItemGroup>
  <ItemGroup>
    <ClCompile Include="main.cpp">
      <Filter>Source Files</Filter>
    </ClCompile>
    <ClCompile Include="AM.cpp">
      <Filter>Source Files</Filter>
    </ClCompile>
    <ClCompile Include="AMTest.cpp">
      <Filter>Test</Filter>
    </ClCompile>
    <ClCompile Include="FrequentSet.cpp">
      <Filter>Source Files</Filter>
    </ClCompile>
    <ClCompile Include="Docs.cpp">
      <Filter>Source Files</Filter>
    </ClCompile>
    <ClCompile Include="vectorComp.cpp">
      <Filter>Source Files</Filter>
    </ClCompile>
    <ClCompile Include="word2idx.cpp">
      <Filter>Source Files</Filter>
    </ClCompile>
    <ClCompile Include="ItemSet.cpp">
      <Filter>Source Files</Filter>
    </ClCompile>
    <ClCompile Include="Dependency.cpp">
      <Filter>Source Files</Filter>
    </ClCompile>
    <ClCompile Include="mcluster.cpp">
      <Filter>Source Files\clustering</Filter>
    </ClCompile>
    <ClCompile Include="Cluster.cpp">
      <Filter>Source Files\clustering</Filter>
    </ClCompile>
    <ClCompile Include="embedding.cpp">
      <Filter>Source Files\clustering</Filter>
    </ClCompile>
  </ItemGroup>
  <ItemGroup>
    <ClInclude Include="word2idx.h">
      <Filter>Header Files</Filter>
    </ClInclude>
    <ClInclude Include="Cluster.h">
      <Filter>Header Files\Clustering</Filter>
    </ClInclude>
    <ClInclude Include="ItemSet.h">
      <Filter>Header Files\Association Pattern</Filter>
    </ClInclude>
    <ClInclude Include="AM.h">
      <Filter>Header Files\Association Pattern</Filter>
    </ClInclude>
    <ClInclude Include="Docs.h">
      <Filter>Header Files\Association Pattern</Filter>
    </ClInclude>
    <ClInclude Include="FrequentSet.h">
      <Filter>Header Files\Association Pattern</Filter>
    </ClInclude>
    <ClInclude Include="Dependency.h">
      <Filter>Header Files</Filter>
    </ClInclude>
    <ClInclude Include="stdafx.h">
      <Filter>Header Files\common</Filter>
    </ClInclude>
    <ClInclude Include="timeAux.h">
      <Filter>Header Files\common</Filter>
    </ClInclude>
    <ClInclude Include="vectorComp.h">
      <Filter>Header Files\common</Filter>
    </ClInclude>
    <ClInclude Include="mcluster.h">
      <Filter>Header Files\Clustering</Filter>
    </ClInclude>
    <ClInclude Include="embedding.h">
      <Filter>Header Files\Clustering</Filter>
    </ClInclude>
    <ClInclude Include="wordgraph.h">
      <Filter>Header Files\Dependency</Filter>
    </ClInclude>
  </ItemGroup>
  <ItemGroup>
    <Text Include="Document.txt">
      <Filter>Documentation</Filter>
    </Text>
  </ItemGroup>
  <ItemGroup>
    <None Include="2run.bat">
      <Filter>bat</Filter>
    </None>
    <None Include="4run.bat">
      <Filter>bat</Filter>
    </None>
    <None Include="3run.bat">
      <Filter>bat</Filter>
    </None>
    <None Include="2run -.bat">
      <Filter>bat</Filter>
    </None>
    <None Include="1run.bat">
      <Filter>bat</Filter>
    </None>
    <None Include="5run.bat">
      <Filter>bat</Filter>
    </None>
  </ItemGroup>
</Project>